// !$*UTF8*$!
{
	archiveVersion = 1;
	classes = {
	};
	objectVersion = 42;
	objects = {

/* Begin PBXBuildFile section */
		8D11072A0486CEB800E47090 /* MainMenu.nib in Resources */ = {isa = PBXBuildFile; fileRef = 29B97318FDCFA39411CA2CEA /* MainMenu.nib */; };
		8D11072B0486CEB800E47090 /* InfoPlist.strings in Resources */ = {isa = PBXBuildFile; fileRef = 089C165CFE840E0CC02AAC07 /* InfoPlist.strings */; };
		8D11072D0486CEB800E47090 /* main.m in Sources */ = {isa = PBXBuildFile; fileRef = 29B97316FDCFA39411CA2CEA /* main.m */; settings = {ATTRIBUTES = (); }; };
		8D11072F0486CEB800E47090 /* Cocoa.framework in Frameworks */ = {isa = PBXBuildFile; fileRef = 1058C7A1FEA54F0111CA2CBB /* Cocoa.framework */; };
		AA058DC70A10512100DB7366 /* UKPrefsPanel.h in CopyFiles */ = {isa = PBXBuildFile; fileRef = AA058DC50A10512100DB7366 /* UKPrefsPanel.h */; };
		AA058DC80A10512100DB7366 /* UKPrefsPanel.m in Sources */ = {isa = PBXBuildFile; fileRef = AA058DC60A10512100DB7366 /* UKPrefsPanel.m */; };
		AA0875FD0B8011B000C1F175 /* LoginItemsAE.c in Sources */ = {isa = PBXBuildFile; fileRef = AA0875FB0B8011B000C1F175 /* LoginItemsAE.c */; };
		AA0875FE0B8011B000C1F175 /* LoginItemsAE.h in Headers */ = {isa = PBXBuildFile; fileRef = AA0875FC0B8011B000C1F175 /* LoginItemsAE.h */; };
		AA0876030B8011EC00C1F175 /* UKLoginItemRegistry.h in Headers */ = {isa = PBXBuildFile; fileRef = AA0876010B8011EC00C1F175 /* UKLoginItemRegistry.h */; };
		AA0876040B8011EC00C1F175 /* UKLoginItemRegistry.m in Sources */ = {isa = PBXBuildFile; fileRef = AA0876020B8011EC00C1F175 /* UKLoginItemRegistry.m */; };
		AA2640B90A37D2E600591C20 /* jumpcut.icns in Resources */ = {isa = PBXBuildFile; fileRef = AA2640B80A37D2E600591C20 /* jumpcut.icns */; };
		AA6D1BDD0DAD68D800734235 /* SRValidator.h in Headers */ = {isa = PBXBuildFile; fileRef = AA6D1BD10DAD68D800734235 /* SRValidator.h */; };
		AA6D1BDE0DAD68D800734235 /* CTGradient.m in Sources */ = {isa = PBXBuildFile; fileRef = AA6D1BD20DAD68D800734235 /* CTGradient.m */; };
		AA6D1BDF0DAD68D800734235 /* SRCommon.h in Headers */ = {isa = PBXBuildFile; fileRef = AA6D1BD30DAD68D800734235 /* SRCommon.h */; };
		AA6D1BE00DAD68D800734235 /* SRRecorderCell.h in Headers */ = {isa = PBXBuildFile; fileRef = AA6D1BD40DAD68D800734235 /* SRRecorderCell.h */; };
		AA6D1BE10DAD68D800734235 /* SRRecorderControl.h in Headers */ = {isa = PBXBuildFile; fileRef = AA6D1BD50DAD68D800734235 /* SRRecorderControl.h */; };
		AA6D1BE20DAD68D800734235 /* SRRecorderControl.m in Sources */ = {isa = PBXBuildFile; fileRef = AA6D1BD60DAD68D800734235 /* SRRecorderControl.m */; };
		AA6D1BE30DAD68D800734235 /* SRKeyCodeTransformer.m in Sources */ = {isa = PBXBuildFile; fileRef = AA6D1BD70DAD68D800734235 /* SRKeyCodeTransformer.m */; };
		AA6D1BE40DAD68D800734235 /* SRCommon.m in Sources */ = {isa = PBXBuildFile; fileRef = AA6D1BD80DAD68D800734235 /* SRCommon.m */; };
		AA6D1BE50DAD68D800734235 /* SRKeyCodeTransformer.h in Headers */ = {isa = PBXBuildFile; fileRef = AA6D1BD90DAD68D800734235 /* SRKeyCodeTransformer.h */; };
		AA6D1BE60DAD68D800734235 /* SRRecorderCell.m in Sources */ = {isa = PBXBuildFile; fileRef = AA6D1BDA0DAD68D800734235 /* SRRecorderCell.m */; };
		AA6D1BE70DAD68D800734235 /* CTGradient.h in Headers */ = {isa = PBXBuildFile; fileRef = AA6D1BDB0DAD68D800734235 /* CTGradient.h */; };
		AA6D1BE80DAD68D800734235 /* SRValidator.m in Sources */ = {isa = PBXBuildFile; fileRef = AA6D1BDC0DAD68D800734235 /* SRValidator.m */; };
		AA730D100DC3D47600F53350 /* Sparkle.framework in Frameworks */ = {isa = PBXBuildFile; fileRef = AA730D0F0DC3D47600F53350 /* Sparkle.framework */; };
		AA730D240DC3D48200F53350 /* Sparkle.framework in CopyFiles */ = {isa = PBXBuildFile; fileRef = AA730D0F0DC3D47600F53350 /* Sparkle.framework */; };
		AABE486809FF1DF800A6A239 /* BezelWindow.m in Sources */ = {isa = PBXBuildFile; fileRef = AABE486309FF1DF800A6A239 /* BezelWindow.m */; };
		AABE486909FF1DF800A6A239 /* RoundRecTextField.m in Sources */ = {isa = PBXBuildFile; fileRef = AABE486509FF1DF800A6A239 /* RoundRecTextField.m */; };
		AABE486A09FF1DF800A6A239 /* RoundRecBezierPath.m in Sources */ = {isa = PBXBuildFile; fileRef = AABE486709FF1DF800A6A239 /* RoundRecBezierPath.m */; };
		AABE493309FF21BE00A6A239 /* PTHotKey.m in Sources */ = {isa = PBXBuildFile; fileRef = AABE492909FF21BE00A6A239 /* PTHotKey.m */; };
		AABE493409FF21BE00A6A239 /* PTHotKeyCenter.m in Sources */ = {isa = PBXBuildFile; fileRef = AABE492B09FF21BE00A6A239 /* PTHotKeyCenter.m */; };
		AABE493509FF21BE00A6A239 /* PTKeyBroadcaster.m in Sources */ = {isa = PBXBuildFile; fileRef = AABE492D09FF21BE00A6A239 /* PTKeyBroadcaster.m */; };
		AABE493609FF21BE00A6A239 /* PTKeyCodeTranslator.m in Sources */ = {isa = PBXBuildFile; fileRef = AABE492F09FF21BE00A6A239 /* PTKeyCodeTranslator.m */; };
		AABE493709FF21BE00A6A239 /* PTKeyCombo.m in Sources */ = {isa = PBXBuildFile; fileRef = AABE493109FF21BE00A6A239 /* PTKeyCombo.m */; };
		AABE496A09FF227E00A6A239 /* JumpcutClipping.m in Sources */ = {isa = PBXBuildFile; fileRef = AABE496409FF227E00A6A239 /* JumpcutClipping.m */; };
		AABE496B09FF227E00A6A239 /* JumpcutStore.m in Sources */ = {isa = PBXBuildFile; fileRef = AABE496609FF227E00A6A239 /* JumpcutStore.m */; };
		AABE497C09FF9CD000A6A239 /* AppController.m in Sources */ = {isa = PBXBuildFile; fileRef = AABE497B09FF9CD000A6A239 /* AppController.m */; };
		AADC65F30A1DFCF000C0096D /* net.sf.jumpcut.ghost_scissors_small.png in Resources */ = {isa = PBXBuildFile; fileRef = AADC65F20A1DFCEF00C0096D /* net.sf.jumpcut.ghost_scissors_small.png */; };
		AAE200780A228741002DCC2A /* net.sf.jumpcut.preferences.appearance.tiff in Resources */ = {isa = PBXBuildFile; fileRef = AAE200770A228741002DCC2A /* net.sf.jumpcut.preferences.appearance.tiff */; };
		AAE2FD090A1EC35D002DCC2A /* net.sf.jumpcut.preferences.general.tiff in Resources */ = {isa = PBXBuildFile; fileRef = AAE2FD080A1EC35D002DCC2A /* net.sf.jumpcut.preferences.general.tiff */; };
		AAE2FEA70A1F6AD4002DCC2A /* net.sf.jumpcut.scissors_bw16.png in Resources */ = {isa = PBXBuildFile; fileRef = AAE2FEA60A1F6AD3002DCC2A /* net.sf.jumpcut.scissors_bw16.png */; };
		AAE2FF150A1FB4A7002DCC2A /* RemoveShortcut.tif in Resources */ = {isa = PBXBuildFile; fileRef = AAE2FF120A1FB4A7002DCC2A /* RemoveShortcut.tif */; };
		AAE2FF160A1FB4A8002DCC2A /* RemoveShortcutPressed.tif in Resources */ = {isa = PBXBuildFile; fileRef = AAE2FF130A1FB4A7002DCC2A /* RemoveShortcutPressed.tif */; };
		AAE2FF170A1FB4A8002DCC2A /* RemoveShortcutRollover.tif in Resources */ = {isa = PBXBuildFile; fileRef = AAE2FF140A1FB4A7002DCC2A /* RemoveShortcutRollover.tif */; };
		AAECDC800A03C8FB007D377A /* net.sf.jumpcut.preferences.hotkey.tiff in Resources */ = {isa = PBXBuildFile; fileRef = AAECDC7E0A03C8FB007D377A /* net.sf.jumpcut.preferences.hotkey.tiff */; };
		AAECDDC70A03DCC5007D377A /* net.sf.jumpcut.preferences.acknowledgements.tiff in Resources */ = {isa = PBXBuildFile; fileRef = AAECDDC60A03DCC4007D377A /* net.sf.jumpcut.preferences.acknowledgements.tiff */; };
		AAFAC85F0A1BD9DD00DC6025 /* Carbon.framework in Frameworks */ = {isa = PBXBuildFile; fileRef = AAFAC84A0A1BD9DD00DC6025 /* Carbon.framework */; };
/* End PBXBuildFile section */

/* Begin PBXCopyFilesBuildPhase section */
		AA22E86C0DBC4CB100351132 /* CopyFiles */ = {
			isa = PBXCopyFilesBuildPhase;
			buildActionMask = 2147483647;
			dstPath = "";
			dstSubfolderSpec = 7;
			files = (
			);
			runOnlyForDeploymentPostprocessing = 0;
		};
		AAE200D70A23255C002DCC2A /* CopyFiles */ = {
			isa = PBXCopyFilesBuildPhase;
			buildActionMask = 2147483647;
			dstPath = "";
			dstSubfolderSpec = 7;
			files = (
				AA058DC70A10512100DB7366 /* UKPrefsPanel.h in CopyFiles */,
			);
			runOnlyForDeploymentPostprocessing = 0;
		};
		AAECDE440A03E75C007D377A /* CopyFiles */ = {
			isa = PBXCopyFilesBuildPhase;
			buildActionMask = 2147483647;
			dstPath = "";
			dstSubfolderSpec = 10;
			files = (
				AA730D240DC3D48200F53350 /* Sparkle.framework in CopyFiles */,
			);
			runOnlyForDeploymentPostprocessing = 0;
		};
/* End PBXCopyFilesBuildPhase section */

/* Begin PBXFileReference section */
		089C165DFE840E0CC02AAC07 /* English */ = {isa = PBXFileReference; fileEncoding = 10; lastKnownFileType = text.plist.strings; name = English; path = English.lproj/InfoPlist.strings; sourceTree = "<group>"; };
		1058C7A1FEA54F0111CA2CBB /* Cocoa.framework */ = {isa = PBXFileReference; lastKnownFileType = wrapper.framework; name = Cocoa.framework; path = /System/Library/Frameworks/Cocoa.framework; sourceTree = "<absolute>"; };
		13E42FB307B3F0F600E4EEF1 /* CoreData.framework */ = {isa = PBXFileReference; lastKnownFileType = wrapper.framework; name = CoreData.framework; path = /System/Library/Frameworks/CoreData.framework; sourceTree = "<absolute>"; };
		29B97316FDCFA39411CA2CEA /* main.m */ = {isa = PBXFileReference; fileEncoding = 4; lastKnownFileType = sourcecode.c.objc; path = main.m; sourceTree = "<group>"; };
		29B97319FDCFA39411CA2CEA /* English */ = {isa = PBXFileReference; lastKnownFileType = wrapper.nib; name = English; path = English.lproj/MainMenu.nib; sourceTree = "<group>"; };
		29B97324FDCFA39411CA2CEA /* AppKit.framework */ = {isa = PBXFileReference; lastKnownFileType = wrapper.framework; name = AppKit.framework; path = /System/Library/Frameworks/AppKit.framework; sourceTree = "<absolute>"; };
		29B97325FDCFA39411CA2CEA /* Foundation.framework */ = {isa = PBXFileReference; lastKnownFileType = wrapper.framework; name = Foundation.framework; path = /System/Library/Frameworks/Foundation.framework; sourceTree = "<absolute>"; };
		32CA4F630368D1EE00C91783 /* Jumpcut_Prefix.pch */ = {isa = PBXFileReference; fileEncoding = 4; lastKnownFileType = sourcecode.c.h; path = Jumpcut_Prefix.pch; sourceTree = "<group>"; };
		8D1107310486CEB800E47090 /* Info.plist */ = {isa = PBXFileReference; fileEncoding = 4; lastKnownFileType = text.plist; path = Info.plist; sourceTree = "<group>"; };
		8D1107320486CEB800E47090 /* Jumpcut.app */ = {isa = PBXFileReference; explicitFileType = wrapper.application; includeInIndex = 0; path = Jumpcut.app; sourceTree = BUILT_PRODUCTS_DIR; };
		AA058DC50A10512100DB7366 /* UKPrefsPanel.h */ = {isa = PBXFileReference; fileEncoding = 30; lastKnownFileType = sourcecode.c.h; path = UKPrefsPanel.h; sourceTree = "<group>"; };
		AA058DC60A10512100DB7366 /* UKPrefsPanel.m */ = {isa = PBXFileReference; fileEncoding = 30; lastKnownFileType = sourcecode.c.objc; path = UKPrefsPanel.m; sourceTree = "<group>"; };
		AA0875FB0B8011B000C1F175 /* LoginItemsAE.c */ = {isa = PBXFileReference; fileEncoding = 30; lastKnownFileType = sourcecode.c.c; path = LoginItemsAE.c; sourceTree = "<group>"; };
		AA0875FC0B8011B000C1F175 /* LoginItemsAE.h */ = {isa = PBXFileReference; fileEncoding = 30; lastKnownFileType = sourcecode.c.h; path = LoginItemsAE.h; sourceTree = "<group>"; };
		AA0876010B8011EC00C1F175 /* UKLoginItemRegistry.h */ = {isa = PBXFileReference; fileEncoding = 30; lastKnownFileType = sourcecode.c.h; path = UKLoginItemRegistry.h; sourceTree = "<group>"; };
		AA0876020B8011EC00C1F175 /* UKLoginItemRegistry.m */ = {isa = PBXFileReference; fileEncoding = 30; lastKnownFileType = sourcecode.c.objc; path = UKLoginItemRegistry.m; sourceTree = "<group>"; };
		AA2640B80A37D2E600591C20 /* jumpcut.icns */ = {isa = PBXFileReference; lastKnownFileType = image.icns; path = jumpcut.icns; sourceTree = "<group>"; };
		AA6D1BD10DAD68D800734235 /* SRValidator.h */ = {isa = PBXFileReference; fileEncoding = 4; lastKnownFileType = sourcecode.c.h; path = SRValidator.h; sourceTree = "<group>"; };
		AA6D1BD20DAD68D800734235 /* CTGradient.m */ = {isa = PBXFileReference; fileEncoding = 4; lastKnownFileType = sourcecode.c.objc; path = CTGradient.m; sourceTree = "<group>"; };
		AA6D1BD30DAD68D800734235 /* SRCommon.h */ = {isa = PBXFileReference; fileEncoding = 4; lastKnownFileType = sourcecode.c.h; path = SRCommon.h; sourceTree = "<group>"; };
		AA6D1BD40DAD68D800734235 /* SRRecorderCell.h */ = {isa = PBXFileReference; fileEncoding = 4; lastKnownFileType = sourcecode.c.h; path = SRRecorderCell.h; sourceTree = "<group>"; };
		AA6D1BD50DAD68D800734235 /* SRRecorderControl.h */ = {isa = PBXFileReference; fileEncoding = 4; lastKnownFileType = sourcecode.c.h; path = SRRecorderControl.h; sourceTree = "<group>"; };
		AA6D1BD60DAD68D800734235 /* SRRecorderControl.m */ = {isa = PBXFileReference; fileEncoding = 4; lastKnownFileType = sourcecode.c.objc; path = SRRecorderControl.m; sourceTree = "<group>"; };
		AA6D1BD70DAD68D800734235 /* SRKeyCodeTransformer.m */ = {isa = PBXFileReference; fileEncoding = 4; lastKnownFileType = sourcecode.c.objc; path = SRKeyCodeTransformer.m; sourceTree = "<group>"; };
		AA6D1BD80DAD68D800734235 /* SRCommon.m */ = {isa = PBXFileReference; fileEncoding = 4; lastKnownFileType = sourcecode.c.objc; path = SRCommon.m; sourceTree = "<group>"; };
		AA6D1BD90DAD68D800734235 /* SRKeyCodeTransformer.h */ = {isa = PBXFileReference; fileEncoding = 4; lastKnownFileType = sourcecode.c.h; path = SRKeyCodeTransformer.h; sourceTree = "<group>"; };
		AA6D1BDA0DAD68D800734235 /* SRRecorderCell.m */ = {isa = PBXFileReference; fileEncoding = 4; lastKnownFileType = sourcecode.c.objc; path = SRRecorderCell.m; sourceTree = "<group>"; };
		AA6D1BDB0DAD68D800734235 /* CTGradient.h */ = {isa = PBXFileReference; fileEncoding = 4; lastKnownFileType = sourcecode.c.h; path = CTGradient.h; sourceTree = "<group>"; };
		AA6D1BDC0DAD68D800734235 /* SRValidator.m */ = {isa = PBXFileReference; fileEncoding = 4; lastKnownFileType = sourcecode.c.objc; path = SRValidator.m; sourceTree = "<group>"; };
		AA730D0F0DC3D47600F53350 /* Sparkle.framework */ = {isa = PBXFileReference; lastKnownFileType = wrapper.framework; path = Sparkle.framework; sourceTree = "<group>"; };
		AABE486209FF1DF800A6A239 /* BezelWindow.h */ = {isa = PBXFileReference; fileEncoding = 30; lastKnownFileType = sourcecode.c.h; path = BezelWindow.h; sourceTree = "<group>"; };
		AABE486309FF1DF800A6A239 /* BezelWindow.m */ = {isa = PBXFileReference; fileEncoding = 30; lastKnownFileType = sourcecode.c.objc; path = BezelWindow.m; sourceTree = "<group>"; };
		AABE486409FF1DF800A6A239 /* RoundRecTextField.h */ = {isa = PBXFileReference; fileEncoding = 30; lastKnownFileType = sourcecode.c.h; path = RoundRecTextField.h; sourceTree = "<group>"; };
		AABE486509FF1DF800A6A239 /* RoundRecTextField.m */ = {isa = PBXFileReference; fileEncoding = 30; lastKnownFileType = sourcecode.c.objc; path = RoundRecTextField.m; sourceTree = "<group>"; };
		AABE486609FF1DF800A6A239 /* RoundRecBezierPath.h */ = {isa = PBXFileReference; fileEncoding = 30; lastKnownFileType = sourcecode.c.h; path = RoundRecBezierPath.h; sourceTree = "<group>"; };
		AABE486709FF1DF800A6A239 /* RoundRecBezierPath.m */ = {isa = PBXFileReference; fileEncoding = 30; lastKnownFileType = sourcecode.c.objc; path = RoundRecBezierPath.m; sourceTree = "<group>"; };
		AABE492809FF21BE00A6A239 /* PTHotKey.h */ = {isa = PBXFileReference; fileEncoding = 30; lastKnownFileType = sourcecode.c.h; name = PTHotKey.h; path = src/PTHotKey.h; sourceTree = "<group>"; };
		AABE492909FF21BE00A6A239 /* PTHotKey.m */ = {isa = PBXFileReference; fileEncoding = 30; lastKnownFileType = sourcecode.c.objc; name = PTHotKey.m; path = src/PTHotKey.m; sourceTree = "<group>"; };
		AABE492A09FF21BE00A6A239 /* PTHotKeyCenter.h */ = {isa = PBXFileReference; fileEncoding = 30; lastKnownFileType = sourcecode.c.h; name = PTHotKeyCenter.h; path = src/PTHotKeyCenter.h; sourceTree = "<group>"; };
		AABE492B09FF21BE00A6A239 /* PTHotKeyCenter.m */ = {isa = PBXFileReference; fileEncoding = 30; lastKnownFileType = sourcecode.c.objc; name = PTHotKeyCenter.m; path = src/PTHotKeyCenter.m; sourceTree = "<group>"; };
		AABE492C09FF21BE00A6A239 /* PTKeyBroadcaster.h */ = {isa = PBXFileReference; fileEncoding = 30; lastKnownFileType = sourcecode.c.h; name = PTKeyBroadcaster.h; path = src/PTKeyBroadcaster.h; sourceTree = "<group>"; };
		AABE492D09FF21BE00A6A239 /* PTKeyBroadcaster.m */ = {isa = PBXFileReference; fileEncoding = 30; lastKnownFileType = sourcecode.c.objc; name = PTKeyBroadcaster.m; path = src/PTKeyBroadcaster.m; sourceTree = "<group>"; };
		AABE492E09FF21BE00A6A239 /* PTKeyCodeTranslator.h */ = {isa = PBXFileReference; fileEncoding = 30; lastKnownFileType = sourcecode.c.h; name = PTKeyCodeTranslator.h; path = src/PTKeyCodeTranslator.h; sourceTree = "<group>"; };
		AABE492F09FF21BE00A6A239 /* PTKeyCodeTranslator.m */ = {isa = PBXFileReference; fileEncoding = 30; lastKnownFileType = sourcecode.c.objc; name = PTKeyCodeTranslator.m; path = src/PTKeyCodeTranslator.m; sourceTree = "<group>"; };
		AABE493009FF21BE00A6A239 /* PTKeyCombo.h */ = {isa = PBXFileReference; fileEncoding = 30; lastKnownFileType = sourcecode.c.h; name = PTKeyCombo.h; path = src/PTKeyCombo.h; sourceTree = "<group>"; };
		AABE493109FF21BE00A6A239 /* PTKeyCombo.m */ = {isa = PBXFileReference; fileEncoding = 30; lastKnownFileType = sourcecode.c.objc; name = PTKeyCombo.m; path = src/PTKeyCombo.m; sourceTree = "<group>"; };
		AABE496309FF227E00A6A239 /* JumpcutClipping.h */ = {isa = PBXFileReference; fileEncoding = 30; lastKnownFileType = sourcecode.c.h; path = JumpcutClipping.h; sourceTree = "<group>"; };
		AABE496409FF227E00A6A239 /* JumpcutClipping.m */ = {isa = PBXFileReference; fileEncoding = 30; lastKnownFileType = sourcecode.c.objc; path = JumpcutClipping.m; sourceTree = "<group>"; };
		AABE496509FF227E00A6A239 /* JumpcutStore.h */ = {isa = PBXFileReference; fileEncoding = 30; lastKnownFileType = sourcecode.c.h; path = JumpcutStore.h; sourceTree = "<group>"; };
		AABE496609FF227E00A6A239 /* JumpcutStore.m */ = {isa = PBXFileReference; fileEncoding = 30; lastKnownFileType = sourcecode.c.objc; path = JumpcutStore.m; sourceTree = "<group>"; };
		AABE497A09FF9CD000A6A239 /* AppController.h */ = {isa = PBXFileReference; fileEncoding = 30; lastKnownFileType = sourcecode.c.h; path = AppController.h; sourceTree = "<group>"; };
		AABE497B09FF9CD000A6A239 /* AppController.m */ = {isa = PBXFileReference; fileEncoding = 30; lastKnownFileType = sourcecode.c.objc; path = AppController.m; sourceTree = "<group>"; };
		AADC65F20A1DFCEF00C0096D /* net.sf.jumpcut.ghost_scissors_small.png */ = {isa = PBXFileReference; lastKnownFileType = image.png; path = net.sf.jumpcut.ghost_scissors_small.png; sourceTree = "<group>"; };
		AAE200770A228741002DCC2A /* net.sf.jumpcut.preferences.appearance.tiff */ = {isa = PBXFileReference; lastKnownFileType = image.tiff; path = net.sf.jumpcut.preferences.appearance.tiff; sourceTree = "<group>"; };
		AAE2FD080A1EC35D002DCC2A /* net.sf.jumpcut.preferences.general.tiff */ = {isa = PBXFileReference; lastKnownFileType = image.tiff; path = net.sf.jumpcut.preferences.general.tiff; sourceTree = "<group>"; };
		AAE2FEA60A1F6AD3002DCC2A /* net.sf.jumpcut.scissors_bw16.png */ = {isa = PBXFileReference; lastKnownFileType = image.png; path = net.sf.jumpcut.scissors_bw16.png; sourceTree = "<group>"; };
		AAE2FF120A1FB4A7002DCC2A /* RemoveShortcut.tif */ = {isa = PBXFileReference; lastKnownFileType = image.tiff; path = RemoveShortcut.tif; sourceTree = "<group>"; };
		AAE2FF130A1FB4A7002DCC2A /* RemoveShortcutPressed.tif */ = {isa = PBXFileReference; lastKnownFileType = image.tiff; path = RemoveShortcutPressed.tif; sourceTree = "<group>"; };
		AAE2FF140A1FB4A7002DCC2A /* RemoveShortcutRollover.tif */ = {isa = PBXFileReference; lastKnownFileType = image.tiff; path = RemoveShortcutRollover.tif; sourceTree = "<group>"; };
		AAECDC7E0A03C8FB007D377A /* net.sf.jumpcut.preferences.hotkey.tiff */ = {isa = PBXFileReference; lastKnownFileType = image.tiff; path = net.sf.jumpcut.preferences.hotkey.tiff; sourceTree = "<group>"; };
		AAECDDC60A03DCC4007D377A /* net.sf.jumpcut.preferences.acknowledgements.tiff */ = {isa = PBXFileReference; lastKnownFileType = image.tiff; path = net.sf.jumpcut.preferences.acknowledgements.tiff; sourceTree = "<group>"; };
		AAFAC84A0A1BD9DD00DC6025 /* Carbon.framework */ = {isa = PBXFileReference; lastKnownFileType = wrapper.framework; name = Carbon.framework; path = /System/Library/Frameworks/Carbon.framework; sourceTree = "<absolute>"; };
/* End PBXFileReference section */

/* Begin PBXFrameworksBuildPhase section */
		8D11072E0486CEB800E47090 /* Frameworks */ = {
			isa = PBXFrameworksBuildPhase;
			buildActionMask = 2147483647;
			files = (
				8D11072F0486CEB800E47090 /* Cocoa.framework in Frameworks */,
				AAFAC85F0A1BD9DD00DC6025 /* Carbon.framework in Frameworks */,
				AA730D100DC3D47600F53350 /* Sparkle.framework in Frameworks */,
			);
			runOnlyForDeploymentPostprocessing = 0;
		};
/* End PBXFrameworksBuildPhase section */

/* Begin PBXGroup section */
		080E96DDFE201D6D7F000001 /* Classes */ = {
			isa = PBXGroup;
			children = (
				AABE497A09FF9CD000A6A239 /* AppController.h */,
				AABE497B09FF9CD000A6A239 /* AppController.m */,
				AABE496009FF227E00A6A239 /* JumpcutEngine */,
				AA0875E60B800F2600C1F175 /* LoginItem */,
				AABE491909FF214900A6A239 /* UI */,
				AAECDC8B0A03C9DC007D377A /* UKPrefsPanel */,
				AABE492609FF21BE00A6A239 /* PTHotKeysLib */,
				AABE48F109FF203300A6A239 /* ShortcutRecorder */,
			);
			name = Classes;
			sourceTree = "<group>";
		};
		1058C7A0FEA54F0111CA2CBB /* Linked Frameworks */ = {
			isa = PBXGroup;
			children = (
				AA730D0F0DC3D47600F53350 /* Sparkle.framework */,
				AAFAC84A0A1BD9DD00DC6025 /* Carbon.framework */,
				1058C7A1FEA54F0111CA2CBB /* Cocoa.framework */,
			);
			name = "Linked Frameworks";
			sourceTree = "<group>";
		};
		1058C7A2FEA54F0111CA2CBB /* Other Frameworks */ = {
			isa = PBXGroup;
			children = (
				29B97324FDCFA39411CA2CEA /* AppKit.framework */,
				13E42FB307B3F0F600E4EEF1 /* CoreData.framework */,
				29B97325FDCFA39411CA2CEA /* Foundation.framework */,
			);
			name = "Other Frameworks";
			sourceTree = "<group>";
		};
		19C28FACFE9D520D11CA2CBB /* Products */ = {
			isa = PBXGroup;
			children = (
				8D1107320486CEB800E47090 /* Jumpcut.app */,
			);
			name = Products;
			sourceTree = "<group>";
		};
		29B97314FDCFA39411CA2CEA /* Jumpcut */ = {
			isa = PBXGroup;
			children = (
				080E96DDFE201D6D7F000001 /* Classes */,
				29B97315FDCFA39411CA2CEA /* Other Sources */,
				29B97317FDCFA39411CA2CEA /* Resources */,
				29B97323FDCFA39411CA2CEA /* Frameworks */,
				19C28FACFE9D520D11CA2CBB /* Products */,
			);
			name = Jumpcut;
			sourceTree = "<group>";
		};
		29B97315FDCFA39411CA2CEA /* Other Sources */ = {
			isa = PBXGroup;
			children = (
				32CA4F630368D1EE00C91783 /* Jumpcut_Prefix.pch */,
				29B97316FDCFA39411CA2CEA /* main.m */,
			);
			name = "Other Sources";
			sourceTree = "<group>";
		};
		29B97317FDCFA39411CA2CEA /* Resources */ = {
			isa = PBXGroup;
			children = (
				AA2640B80A37D2E600591C20 /* jumpcut.icns */,
				AAE2FF120A1FB4A7002DCC2A /* RemoveShortcut.tif */,
				AAE2FF130A1FB4A7002DCC2A /* RemoveShortcutPressed.tif */,
				AAE2FF140A1FB4A7002DCC2A /* RemoveShortcutRollover.tif */,
				AADC65F20A1DFCEF00C0096D /* net.sf.jumpcut.ghost_scissors_small.png */,
				AAE2FEA60A1F6AD3002DCC2A /* net.sf.jumpcut.scissors_bw16.png */,
				AAECDDC60A03DCC4007D377A /* net.sf.jumpcut.preferences.acknowledgements.tiff */,
				AAE200770A228741002DCC2A /* net.sf.jumpcut.preferences.appearance.tiff */,
				AAECDC7E0A03C8FB007D377A /* net.sf.jumpcut.preferences.hotkey.tiff */,
				AAE2FD080A1EC35D002DCC2A /* net.sf.jumpcut.preferences.general.tiff */,
				8D1107310486CEB800E47090 /* Info.plist */,
				089C165CFE840E0CC02AAC07 /* InfoPlist.strings */,
				29B97318FDCFA39411CA2CEA /* MainMenu.nib */,
			);
			name = Resources;
			sourceTree = "<group>";
		};
		29B97323FDCFA39411CA2CEA /* Frameworks */ = {
			isa = PBXGroup;
			children = (
				1058C7A0FEA54F0111CA2CBB /* Linked Frameworks */,
				1058C7A2FEA54F0111CA2CBB /* Other Frameworks */,
			);
			name = Frameworks;
			sourceTree = "<group>";
		};
		AA0875E60B800F2600C1F175 /* LoginItem */ = {
			isa = PBXGroup;
			children = (
				AA0876010B8011EC00C1F175 /* UKLoginItemRegistry.h */,
				AA0876020B8011EC00C1F175 /* UKLoginItemRegistry.m */,
				AA0875FB0B8011B000C1F175 /* LoginItemsAE.c */,
				AA0875FC0B8011B000C1F175 /* LoginItemsAE.h */,
			);
			name = LoginItem;
			sourceTree = "<group>";
		};
		AABE48F109FF203300A6A239 /* ShortcutRecorder */ = {
			isa = PBXGroup;
			children = (
				AA6D1BDB0DAD68D800734235 /* CTGradient.h */,
				AA6D1BD20DAD68D800734235 /* CTGradient.m */,
				AA6D1BD30DAD68D800734235 /* SRCommon.h */,
				AA6D1BD80DAD68D800734235 /* SRCommon.m */,
				AA6D1BD40DAD68D800734235 /* SRRecorderCell.h */,
				AA6D1BDA0DAD68D800734235 /* SRRecorderCell.m */,
				AA6D1BD50DAD68D800734235 /* SRRecorderControl.h */,
				AA6D1BD60DAD68D800734235 /* SRRecorderControl.m */,
				AA6D1BD90DAD68D800734235 /* SRKeyCodeTransformer.h */,
				AA6D1BD70DAD68D800734235 /* SRKeyCodeTransformer.m */,
				AA6D1BD10DAD68D800734235 /* SRValidator.h */,
				AA6D1BDC0DAD68D800734235 /* SRValidator.m */,
			);
			name = ShortcutRecorder;
			sourceTree = "<group>";
		};
		AABE491909FF214900A6A239 /* UI */ = {
			isa = PBXGroup;
			children = (
				AABE486209FF1DF800A6A239 /* BezelWindow.h */,
				AABE486309FF1DF800A6A239 /* BezelWindow.m */,
				AABE486409FF1DF800A6A239 /* RoundRecTextField.h */,
				AABE486509FF1DF800A6A239 /* RoundRecTextField.m */,
				AABE486609FF1DF800A6A239 /* RoundRecBezierPath.h */,
				AABE486709FF1DF800A6A239 /* RoundRecBezierPath.m */,
			);
			name = UI;
			sourceTree = "<group>";
		};
		AABE492609FF21BE00A6A239 /* PTHotKeysLib */ = {
			isa = PBXGroup;
			children = (
				AABE492809FF21BE00A6A239 /* PTHotKey.h */,
				AABE492909FF21BE00A6A239 /* PTHotKey.m */,
				AABE492A09FF21BE00A6A239 /* PTHotKeyCenter.h */,
				AABE492B09FF21BE00A6A239 /* PTHotKeyCenter.m */,
				AABE492C09FF21BE00A6A239 /* PTKeyBroadcaster.h */,
				AABE492D09FF21BE00A6A239 /* PTKeyBroadcaster.m */,
				AABE492E09FF21BE00A6A239 /* PTKeyCodeTranslator.h */,
				AABE492F09FF21BE00A6A239 /* PTKeyCodeTranslator.m */,
				AABE493009FF21BE00A6A239 /* PTKeyCombo.h */,
				AABE493109FF21BE00A6A239 /* PTKeyCombo.m */,
			);
			path = PTHotKeysLib;
			sourceTree = "<group>";
		};
		AABE496009FF227E00A6A239 /* JumpcutEngine */ = {
			isa = PBXGroup;
			children = (
				AABE496309FF227E00A6A239 /* JumpcutClipping.h */,
				AABE496409FF227E00A6A239 /* JumpcutClipping.m */,
				AABE496509FF227E00A6A239 /* JumpcutStore.h */,
				AABE496609FF227E00A6A239 /* JumpcutStore.m */,
			);
			name = JumpcutEngine;
			sourceTree = "<group>";
		};
		AAECDC8B0A03C9DC007D377A /* UKPrefsPanel */ = {
			isa = PBXGroup;
			children = (
				AA058DC50A10512100DB7366 /* UKPrefsPanel.h */,
				AA058DC60A10512100DB7366 /* UKPrefsPanel.m */,
			);
			name = UKPrefsPanel;
			sourceTree = "<group>";
		};
/* End PBXGroup section */

/* Begin PBXHeadersBuildPhase section */
		AAE2036C0A27B2B9002DCC2A /* Headers */ = {
			isa = PBXHeadersBuildPhase;
			buildActionMask = 2147483647;
			files = (
				AA0875FE0B8011B000C1F175 /* LoginItemsAE.h in Headers */,
				AA0876030B8011EC00C1F175 /* UKLoginItemRegistry.h in Headers */,
				AA6D1BDD0DAD68D800734235 /* SRValidator.h in Headers */,
				AA6D1BDF0DAD68D800734235 /* SRCommon.h in Headers */,
				AA6D1BE00DAD68D800734235 /* SRRecorderCell.h in Headers */,
				AA6D1BE10DAD68D800734235 /* SRRecorderControl.h in Headers */,
				AA6D1BE50DAD68D800734235 /* SRKeyCodeTransformer.h in Headers */,
				AA6D1BE70DAD68D800734235 /* CTGradient.h in Headers */,
			);
			runOnlyForDeploymentPostprocessing = 0;
		};
/* End PBXHeadersBuildPhase section */

/* Begin PBXNativeTarget section */
		8D1107260486CEB800E47090 /* Flycut */ = {
			isa = PBXNativeTarget;
			buildConfigurationList = C01FCF4A08A954540054247B /* Build configuration list for PBXNativeTarget "Flycut" */;
			buildPhases = (
				8D1107290486CEB800E47090 /* Resources */,
				8D11072C0486CEB800E47090 /* Sources */,
				AAECDE440A03E75C007D377A /* CopyFiles */,
				8D11072E0486CEB800E47090 /* Frameworks */,
				AAE200D70A23255C002DCC2A /* CopyFiles */,
				AAE2036C0A27B2B9002DCC2A /* Headers */,
				AA22E86C0DBC4CB100351132 /* CopyFiles */,
			);
			buildRules = (
			);
			dependencies = (
			);
			name = Flycut;
			productInstallPath = "$(HOME)/Applications";
			productName = Jumpcut;
			productReference = 8D1107320486CEB800E47090 /* Jumpcut.app */;
			productType = "com.apple.product-type.application";
		};
/* End PBXNativeTarget section */

/* Begin PBXProject section */
		29B97313FDCFA39411CA2CEA /* Project object */ = {
			isa = PBXProject;
			buildConfigurationList = C01FCF4E08A954540054247B /* Build configuration list for PBXProject "Jumpcut" */;
			compatibilityVersion = "Xcode 2.4";
			developmentRegion = English;
			hasScannedForEncodings = 1;
			knownRegions = (
				English,
				Japanese,
				French,
				German,
			);
			mainGroup = 29B97314FDCFA39411CA2CEA /* Jumpcut */;
			projectDirPath = "";
			projectRoot = "";
			targets = (
				8D1107260486CEB800E47090 /* Flycut */,
			);
		};
/* End PBXProject section */

/* Begin PBXResourcesBuildPhase section */
		8D1107290486CEB800E47090 /* Resources */ = {
			isa = PBXResourcesBuildPhase;
			buildActionMask = 2147483647;
			files = (
				8D11072A0486CEB800E47090 /* MainMenu.nib in Resources */,
				8D11072B0486CEB800E47090 /* InfoPlist.strings in Resources */,
				AAECDC800A03C8FB007D377A /* net.sf.jumpcut.preferences.hotkey.tiff in Resources */,
				AAECDDC70A03DCC5007D377A /* net.sf.jumpcut.preferences.acknowledgements.tiff in Resources */,
				AADC65F30A1DFCF000C0096D /* net.sf.jumpcut.ghost_scissors_small.png in Resources */,
				AAE2FD090A1EC35D002DCC2A /* net.sf.jumpcut.preferences.general.tiff in Resources */,
				AAE2FEA70A1F6AD4002DCC2A /* net.sf.jumpcut.scissors_bw16.png in Resources */,
				AAE2FF150A1FB4A7002DCC2A /* RemoveShortcut.tif in Resources */,
				AAE2FF160A1FB4A8002DCC2A /* RemoveShortcutPressed.tif in Resources */,
				AAE2FF170A1FB4A8002DCC2A /* RemoveShortcutRollover.tif in Resources */,
				AAE200780A228741002DCC2A /* net.sf.jumpcut.preferences.appearance.tiff in Resources */,
				AA2640B90A37D2E600591C20 /* jumpcut.icns in Resources */,
			);
			runOnlyForDeploymentPostprocessing = 0;
		};
/* End PBXResourcesBuildPhase section */

/* Begin PBXSourcesBuildPhase section */
		8D11072C0486CEB800E47090 /* Sources */ = {
			isa = PBXSourcesBuildPhase;
			buildActionMask = 2147483647;
			files = (
				8D11072D0486CEB800E47090 /* main.m in Sources */,
				AABE486809FF1DF800A6A239 /* BezelWindow.m in Sources */,
				AABE486909FF1DF800A6A239 /* RoundRecTextField.m in Sources */,
				AABE486A09FF1DF800A6A239 /* RoundRecBezierPath.m in Sources */,
				AABE493309FF21BE00A6A239 /* PTHotKey.m in Sources */,
				AABE493409FF21BE00A6A239 /* PTHotKeyCenter.m in Sources */,
				AABE493509FF21BE00A6A239 /* PTKeyBroadcaster.m in Sources */,
				AABE493609FF21BE00A6A239 /* PTKeyCodeTranslator.m in Sources */,
				AABE493709FF21BE00A6A239 /* PTKeyCombo.m in Sources */,
				AABE496A09FF227E00A6A239 /* JumpcutClipping.m in Sources */,
				AABE496B09FF227E00A6A239 /* JumpcutStore.m in Sources */,
				AA0876040B8011EC00C1F175 /* UKLoginItemRegistry.m in Sources */,
				AA058DC80A10512100DB7366 /* UKPrefsPanel.m in Sources */,
				AA0875FD0B8011B000C1F175 /* LoginItemsAE.c in Sources */,
				AABE497C09FF9CD000A6A239 /* AppController.m in Sources */,
				AA6D1BDE0DAD68D800734235 /* CTGradient.m in Sources */,
				AA6D1BE20DAD68D800734235 /* SRRecorderControl.m in Sources */,
				AA6D1BE30DAD68D800734235 /* SRKeyCodeTransformer.m in Sources */,
				AA6D1BE40DAD68D800734235 /* SRCommon.m in Sources */,
				AA6D1BE60DAD68D800734235 /* SRRecorderCell.m in Sources */,
				AA6D1BE80DAD68D800734235 /* SRValidator.m in Sources */,
			);
			runOnlyForDeploymentPostprocessing = 0;
		};
/* End PBXSourcesBuildPhase section */

/* Begin PBXVariantGroup section */
		089C165CFE840E0CC02AAC07 /* InfoPlist.strings */ = {
			isa = PBXVariantGroup;
			children = (
				089C165DFE840E0CC02AAC07 /* English */,
			);
			name = InfoPlist.strings;
			sourceTree = "<group>";
		};
		29B97318FDCFA39411CA2CEA /* MainMenu.nib */ = {
			isa = PBXVariantGroup;
			children = (
				29B97319FDCFA39411CA2CEA /* English */,
			);
			name = MainMenu.nib;
			sourceTree = "<group>";
		};
/* End PBXVariantGroup section */

/* Begin XCBuildConfiguration section */
		C01FCF4B08A954540054247B /* Debug */ = {
			isa = XCBuildConfiguration;
			buildSettings = {
				COPY_PHASE_STRIP = NO;
				FRAMEWORK_SEARCH_PATHS = (
					"$(FRAMEWORK_SEARCH_PATHS)",
					"$(SRCROOT)",
				);
				GCC_DYNAMIC_NO_PIC = NO;
				GCC_ENABLE_FIX_AND_CONTINUE = YES;
				GCC_MODEL_TUNING = G5;
				GCC_OPTIMIZATION_LEVEL = 0;
				INFOPLIST_FILE = Info.plist;
				INSTALL_PATH = "$(HOME)/Applications";
				PRODUCT_NAME = Jumpcut;
				WRAPPER_EXTENSION = app;
				ZERO_LINK = YES;
			};
			name = Debug;
		};
		C01FCF4C08A954540054247B /* Release */ = {
			isa = XCBuildConfiguration;
			buildSettings = {
				ARCHS = (
					ppc,
					i386,
				);
				FRAMEWORK_SEARCH_PATHS = (
					"$(FRAMEWORK_SEARCH_PATHS)",
					"$(SRCROOT)",
				);
				GCC_GENERATE_DEBUGGING_SYMBOLS = NO;
				GCC_MODEL_TUNING = G5;
				INFOPLIST_FILE = Info.plist;
				INSTALL_PATH = "$(HOME)/Applications";
				PRODUCT_NAME = Jumpcut;
				STRIP_INSTALLED_PRODUCT = YES;
				WRAPPER_EXTENSION = app;
			};
			name = Release;
		};
		C01FCF4F08A954540054247B /* Debug */ = {
			isa = XCBuildConfiguration;
			buildSettings = {
				GCC_WARN_ABOUT_RETURN_TYPE = YES;
				GCC_WARN_UNUSED_VARIABLE = YES;
				PREBINDING = NO;
				SDKROOT = "$(DEVELOPER_SDK_DIR)/MacOSX10.6.sdk";
			};
			name = Debug;
		};
		C01FCF5008A954540054247B /* Release */ = {
			isa = XCBuildConfiguration;
			buildSettings = {
				ARCHS = (
					ppc,
					i386,
				);
				GCC_OPTIMIZATION_LEVEL = s;
				GCC_WARN_ABOUT_RETURN_TYPE = YES;
				GCC_WARN_UNUSED_VARIABLE = YES;
				PREBINDING = NO;
				SDKROOT = /Developer/SDKs/MacOSX10.4u.sdk;
			};
			name = Release;
		};
/* End XCBuildConfiguration section */

/* Begin XCConfigurationList section */
		C01FCF4A08A954540054247B /* Build configuration list for PBXNativeTarget "Flycut" */ = {
			isa = XCConfigurationList;
			buildConfigurations = (
				C01FCF4B08A954540054247B /* Debug */,
				C01FCF4C08A954540054247B /* Release */,
			);
			defaultConfigurationIsVisible = 0;
			defaultConfigurationName = Release;
		};
		C01FCF4E08A954540054247B /* Build configuration list for PBXProject "Jumpcut" */ = {
			isa = XCConfigurationList;
			buildConfigurations = (
				C01FCF4F08A954540054247B /* Debug */,
				C01FCF5008A954540054247B /* Release */,
			);
			defaultConfigurationIsVisible = 0;
			defaultConfigurationName = Release;
		};
/* End XCConfigurationList section */
	};
	rootObject = 29B97313FDCFA39411CA2CEA /* Project object */;
}
